
Microsoft Visual Studio Solution File, Format Version 12.00
# Visual Studio Version 16
VisualStudioVersion = 16.0.29209.62
MinimumVisualStudioVersion = 10.0.40219.1
Project("{FAE04EC0-301F-11D3-BF4B-00C04F79EFBC}") = "ExercisesFunctions", "ExercisesFunctions\ExercisesFunctions.csproj", "{F474602D-FA22-430F-B7AD-20FB7F2DD95C}"
EndProject
Global
	GlobalSection(SolutionConfigurationPlatforms) = preSolution
		Debug|Any CPU = Debug|Any CPU
		Release|Any CPU = Release|Any CPU
	EndGlobalSection
	GlobalSection(ProjectConfigurationPlatforms) = postSolution
		{F474602D-FA22-430F-B7AD-20FB7F2DD95C}.Debug|Any CPU.ActiveCfg = Debug|Any CPU
		{F474602D-FA22-430F-B7AD-20FB7F2DD95C}.Debug|Any CPU.Build.0 = Debug|Any CPU
		{F474602D-FA22-430F-B7AD-20FB7F2DD95C}.Release|Any CPU.ActiveCfg = Release|Any CPU
		{F474602D-FA22-430F-B7AD-20FB7F2DD95C}.Release|Any CPU.Build.0 = Release|Any CPU
	EndGlobalSection
	GlobalSection(SolutionProperties) = preSolution
		HideSolutionNode = FALSE
	EndGlobalSection
	GlobalSection(ExtensibilityGlobals) = postSolution
		SolutionGuid = {2C94A412-65B7-4225-A184-5A3730965B5C}
	EndGlobalSection
EndGlobal
